
Microsoft Visual Studio Solution File, Format Version 12.00
# Visual Studio Version 17
VisualStudioVersion = 17.10.35201.131
MinimumVisualStudioVersion = 10.0.40219.1
Project("{FAE04EC0-301F-11D3-BF4B-00C04F79EFBC}") = "Send", "Send\Send.csproj", "{90A1FF15-2878-452B-9092-1D2778268AFB}"
EndProject
Global
	GlobalSection(SolutionConfigurationPlatforms) = preSolution
		Debug|Any CPU = Debug|Any CPU
		Release|Any CPU = Release|Any CPU
	EndGlobalSection
	GlobalSection(ProjectConfigurationPlatforms) = postSolution
		{90A1FF15-2878-452B-9092-1D2778268AFB}.Debug|Any CPU.ActiveCfg = Debug|Any CPU
		{90A1FF15-2878-452B-9092-1D2778268AFB}.Debug|Any CPU.Build.0 = Debug|Any CPU
		{90A1FF15-2878-452B-9092-1D2778268AFB}.Release|Any CPU.ActiveCfg = Release|Any CPU
		{90A1FF15-2878-452B-9092-1D2778268AFB}.Release|Any CPU.Build.0 = Release|Any CPU
	EndGlobalSection
	GlobalSection(SolutionProperties) = preSolution
		HideSolutionNode = FALSE
	EndGlobalSection
	GlobalSection(ExtensibilityGlobals) = postSolution
		SolutionGuid = {B028743A-BB73-4245-BABB-32F4ED248903}
	EndGlobalSection
EndGlobal
